
Microsoft Visual Studio Solution File, Format Version 12.00
# Visual Studio Version 17
VisualStudioVersion = 17.4.33213.308
MinimumVisualStudioVersion = 10.0.40219.1
Project("{FAE04EC0-301F-11D3-BF4B-00C04F79EFBC}") = "NovProjekat", "NovProjekat\NovProjekat.csproj", "{259E73AC-F767-46B8-B16F-077E81A1285F}"
EndProject
Global
	GlobalSection(SolutionConfigurationPlatforms) = preSolution
		Debug|Any CPU = Debug|Any CPU
		Release|Any CPU = Release|Any CPU
	EndGlobalSection
	GlobalSection(ProjectConfigurationPlatforms) = postSolution
		{259E73AC-F767-46B8-B16F-077E81A1285F}.Debug|Any CPU.ActiveCfg = Debug|Any CPU
		{259E73AC-F767-46B8-B16F-077E81A1285F}.Debug|Any CPU.Build.0 = Debug|Any CPU
		{259E73AC-F767-46B8-B16F-077E81A1285F}.Release|Any CPU.ActiveCfg = Release|Any CPU
		{259E73AC-F767-46B8-B16F-077E81A1285F}.Release|Any CPU.Build.0 = Release|Any CPU
	EndGlobalSection
	GlobalSection(SolutionProperties) = preSolution
		HideSolutionNode = FALSE
	EndGlobalSection
	GlobalSection(ExtensibilityGlobals) = postSolution
		SolutionGuid = {E884A32A-F9A6-4A8E-B763-B334DCF39CAF}
	EndGlobalSection
EndGlobal
